
Microsoft Visual Studio Solution File, Format Version 12.00
# Visual Studio Version 16
VisualStudioVersion = 16.0.29201.188
MinimumVisualStudioVersion = 10.0.40219.1
Project("{9A19103F-16F7-4668-BE54-9A1E7A4F7556}") = "ELibrary", "ELibrary\ELibrary.csproj", "{97491EE7-3C33-4F3A-B527-7DF3A0091A99}"
EndProject
Project("{9A19103F-16F7-4668-BE54-9A1E7A4F7556}") = "User", "User\User.csproj", "{7CA706D6-8510-49BA-9FB4-73F293CBBEEF}"
EndProject
Project("{9A19103F-16F7-4668-BE54-9A1E7A4F7556}") = "Book", "Book\Book.csproj", "{03A3FFC3-728F-46CC-8BA6-6E1DFF1005D3}"
EndProject
Project("{9A19103F-16F7-4668-BE54-9A1E7A4F7556}") = "Author", "Author\Author.csproj", "{4E6CD8F6-4BB8-4FBD-8D6D-76ED3467C064}"
EndProject
Project("{9A19103F-16F7-4668-BE54-9A1E7A4F7556}") = "Reservation", "Reservation\Reservation.csproj", "{2A5F49A3-5188-428E-A1D7-8D49A542BA2F}"
EndProject
Project("{9A19103F-16F7-4668-BE54-9A1E7A4F7556}") = "Status", "Status\Status.csproj", "{BFB912FF-82CC-4A70-ACCA-6570F3E70C48}"
EndProject
Project("{9A19103F-16F7-4668-BE54-9A1E7A4F7556}") = "Comment", "Comment\Comment.csproj", "{379E2236-B47F-4CCF-B7F2-E43ABF3A50F2}"
EndProject
Project("{FAE04EC0-301F-11D3-BF4B-00C04F79EFBC}") = "Models", "Models\Models.csproj", "{AABE2661-E40B-492D-8E58-A85665F277CF}"
EndProject
Global
	GlobalSection(SolutionConfigurationPlatforms) = preSolution
		Debug|Any CPU = Debug|Any CPU
		Release|Any CPU = Release|Any CPU
	EndGlobalSection
	GlobalSection(ProjectConfigurationPlatforms) = postSolution
		{97491EE7-3C33-4F3A-B527-7DF3A0091A99}.Debug|Any CPU.ActiveCfg = Debug|Any CPU
		{97491EE7-3C33-4F3A-B527-7DF3A0091A99}.Debug|Any CPU.Build.0 = Debug|Any CPU
		{97491EE7-3C33-4F3A-B527-7DF3A0091A99}.Release|Any CPU.ActiveCfg = Release|Any CPU
		{97491EE7-3C33-4F3A-B527-7DF3A0091A99}.Release|Any CPU.Build.0 = Release|Any CPU
		{7CA706D6-8510-49BA-9FB4-73F293CBBEEF}.Debug|Any CPU.ActiveCfg = Debug|Any CPU
		{7CA706D6-8510-49BA-9FB4-73F293CBBEEF}.Debug|Any CPU.Build.0 = Debug|Any CPU
		{7CA706D6-8510-49BA-9FB4-73F293CBBEEF}.Release|Any CPU.ActiveCfg = Release|Any CPU
		{7CA706D6-8510-49BA-9FB4-73F293CBBEEF}.Release|Any CPU.Build.0 = Release|Any CPU
		{03A3FFC3-728F-46CC-8BA6-6E1DFF1005D3}.Debug|Any CPU.ActiveCfg = Debug|Any CPU
		{03A3FFC3-728F-46CC-8BA6-6E1DFF1005D3}.Debug|Any CPU.Build.0 = Debug|Any CPU
		{03A3FFC3-728F-46CC-8BA6-6E1DFF1005D3}.Release|Any CPU.ActiveCfg = Release|Any CPU
		{03A3FFC3-728F-46CC-8BA6-6E1DFF1005D3}.Release|Any CPU.Build.0 = Release|Any CPU
		{4E6CD8F6-4BB8-4FBD-8D6D-76ED3467C064}.Debug|Any CPU.ActiveCfg = Debug|Any CPU
		{4E6CD8F6-4BB8-4FBD-8D6D-76ED3467C064}.Debug|Any CPU.Build.0 = Debug|Any CPU
		{4E6CD8F6-4BB8-4FBD-8D6D-76ED3467C064}.Release|Any CPU.ActiveCfg = Release|Any CPU
		{4E6CD8F6-4BB8-4FBD-8D6D-76ED3467C064}.Release|Any CPU.Build.0 = Release|Any CPU
		{2A5F49A3-5188-428E-A1D7-8D49A542BA2F}.Debug|Any CPU.ActiveCfg = Debug|Any CPU
		{2A5F49A3-5188-428E-A1D7-8D49A542BA2F}.Debug|Any CPU.Build.0 = Debug|Any CPU
		{2A5F49A3-5188-428E-A1D7-8D49A542BA2F}.Release|Any CPU.ActiveCfg = Release|Any CPU
		{2A5F49A3-5188-428E-A1D7-8D49A542BA2F}.Release|Any CPU.Build.0 = Release|Any CPU
		{BFB912FF-82CC-4A70-ACCA-6570F3E70C48}.Debug|Any CPU.ActiveCfg = Debug|Any CPU
		{BFB912FF-82CC-4A70-ACCA-6570F3E70C48}.Debug|Any CPU.Build.0 = Debug|Any CPU
		{BFB912FF-82CC-4A70-ACCA-6570F3E70C48}.Release|Any CPU.ActiveCfg = Release|Any CPU
		{BFB912FF-82CC-4A70-ACCA-6570F3E70C48}.Release|Any CPU.Build.0 = Release|Any CPU
		{379E2236-B47F-4CCF-B7F2-E43ABF3A50F2}.Debug|Any CPU.ActiveCfg = Debug|Any CPU
		{379E2236-B47F-4CCF-B7F2-E43ABF3A50F2}.Debug|Any CPU.Build.0 = Debug|Any CPU
		{379E2236-B47F-4CCF-B7F2-E43ABF3A50F2}.Release|Any CPU.ActiveCfg = Release|Any CPU
		{379E2236-B47F-4CCF-B7F2-E43ABF3A50F2}.Release|Any CPU.Build.0 = Release|Any CPU
		{AABE2661-E40B-492D-8E58-A85665F277CF}.Debug|Any CPU.ActiveCfg = Debug|Any CPU
		{AABE2661-E40B-492D-8E58-A85665F277CF}.Debug|Any CPU.Build.0 = Debug|Any CPU
		{AABE2661-E40B-492D-8E58-A85665F277CF}.Release|Any CPU.ActiveCfg = Release|Any CPU
		{AABE2661-E40B-492D-8E58-A85665F277CF}.Release|Any CPU.Build.0 = Release|Any CPU
	EndGlobalSection
	GlobalSection(SolutionProperties) = preSolution
		HideSolutionNode = FALSE
	EndGlobalSection
	GlobalSection(ExtensibilityGlobals) = postSolution
		SolutionGuid = {24A17E35-47EE-47FF-8E77-796A07C297AF}
	EndGlobalSection
EndGlobal
